
Microsoft Visual Studio Solution File, Format Version 12.00
# Visual Studio 2012
Project("{FAE04EC0-301F-11D3-BF4B-00C04F79EFBC}") = "VolvoME7ChecksumUpdater", "WindowsFormsApplication1\VolvoME7ChecksumUpdater.csproj", "{645F0525-8A59-46E7-BEDE-F4E1038A32CC}"
EndProject
Global
	GlobalSection(SolutionConfigurationPlatforms) = preSolution
		Debug|Any CPU = Debug|Any CPU
		Release|Any CPU = Release|Any CPU
	EndGlobalSection
	GlobalSection(ProjectConfigurationPlatforms) = postSolution
		{645F0525-8A59-46E7-BEDE-F4E1038A32CC}.Debug|Any CPU.ActiveCfg = Debug|Any CPU
		{645F0525-8A59-46E7-BEDE-F4E1038A32CC}.Debug|Any CPU.Build.0 = Debug|Any CPU
		{645F0525-8A59-46E7-BEDE-F4E1038A32CC}.Release|Any CPU.ActiveCfg = Release|Any CPU
		{645F0525-8A59-46E7-BEDE-F4E1038A32CC}.Release|Any CPU.Build.0 = Release|Any CPU
	EndGlobalSection
	GlobalSection(SolutionProperties) = preSolution
		HideSolutionNode = FALSE
	EndGlobalSection
EndGlobal
